
Microsoft Visual Studio Solution File, Format Version 11.00
# Visual C# Express 2010
Project("{FAE04EC0-301F-11D3-BF4B-00C04F79EFBC}") = "Apollo_16_Radar", "Apollo_16_Radar\Apollo_16_Radar\Apollo_16_Radar.csproj", "{FD743B4A-7781-497A-9C3B-8FDDD463C0AC}"
EndProject
Project("{96E2B04D-8817-42C6-938A-82C39BA4D311}") = "Apollo_16_RadarContent", "Apollo_16_Radar\Apollo_16_RadarContent\Apollo_16_RadarContent.contentproj", "{EAAE6938-CBED-4E8A-9F53-7F8DBFCB50BB}"
EndProject
Global
	GlobalSection(SolutionConfigurationPlatforms) = preSolution
		Debug|x86 = Debug|x86
		Release|x86 = Release|x86
	EndGlobalSection
	GlobalSection(ProjectConfigurationPlatforms) = postSolution
		{FD743B4A-7781-497A-9C3B-8FDDD463C0AC}.Debug|x86.ActiveCfg = Debug|x86
		{FD743B4A-7781-497A-9C3B-8FDDD463C0AC}.Debug|x86.Build.0 = Debug|x86
		{FD743B4A-7781-497A-9C3B-8FDDD463C0AC}.Release|x86.ActiveCfg = Release|x86
		{FD743B4A-7781-497A-9C3B-8FDDD463C0AC}.Release|x86.Build.0 = Release|x86
		{EAAE6938-CBED-4E8A-9F53-7F8DBFCB50BB}.Debug|x86.ActiveCfg = Debug|x86
		{EAAE6938-CBED-4E8A-9F53-7F8DBFCB50BB}.Release|x86.ActiveCfg = Release|x86
	EndGlobalSection
	GlobalSection(SolutionProperties) = preSolution
		HideSolutionNode = FALSE
	EndGlobalSection
EndGlobal
